
Microsoft Visual Studio Solution File, Format Version 12.00
# Visual Studio 15
VisualStudioVersion = 15.0.27004.2009
MinimumVisualStudioVersion = 10.0.40219.1
Project("{FAE04EC0-301F-11D3-BF4B-00C04F79EFBC}") = "PowershellTelephony.Test", "PowershellTelephony.Test\PowershellTelephony.Test.csproj", "{2FC50B56-9885-44A3-BDEA-5C48CC7DF4CF}"
EndProject
Project("{FAE04EC0-301F-11D3-BF4B-00C04F79EFBC}") = "PowershellTelephony", "PowershellTelephony\PowershellTelephony.csproj", "{84E66350-5596-4469-AE7A-FFFE3BD58D68}"
EndProject
Global
	GlobalSection(SolutionConfigurationPlatforms) = preSolution
		Debug|Any CPU = Debug|Any CPU
		Release|Any CPU = Release|Any CPU
	EndGlobalSection
	GlobalSection(ProjectConfigurationPlatforms) = postSolution
		{2FC50B56-9885-44A3-BDEA-5C48CC7DF4CF}.Debug|Any CPU.ActiveCfg = Debug|Any CPU
		{2FC50B56-9885-44A3-BDEA-5C48CC7DF4CF}.Debug|Any CPU.Build.0 = Debug|Any CPU
		{2FC50B56-9885-44A3-BDEA-5C48CC7DF4CF}.Release|Any CPU.ActiveCfg = Release|Any CPU
		{2FC50B56-9885-44A3-BDEA-5C48CC7DF4CF}.Release|Any CPU.Build.0 = Release|Any CPU
		{84E66350-5596-4469-AE7A-FFFE3BD58D68}.Debug|Any CPU.ActiveCfg = Debug|Any CPU
		{84E66350-5596-4469-AE7A-FFFE3BD58D68}.Debug|Any CPU.Build.0 = Debug|Any CPU
		{84E66350-5596-4469-AE7A-FFFE3BD58D68}.Release|Any CPU.ActiveCfg = Release|Any CPU
		{84E66350-5596-4469-AE7A-FFFE3BD58D68}.Release|Any CPU.Build.0 = Release|Any CPU
	EndGlobalSection
	GlobalSection(SolutionProperties) = preSolution
		HideSolutionNode = FALSE
	EndGlobalSection
	GlobalSection(ExtensibilityGlobals) = postSolution
		SolutionGuid = {C10A1DF4-2135-4AC2-A0EC-E15F5E33DDDE}
	EndGlobalSection
EndGlobal
